
Microsoft Visual Studio Solution File, Format Version 12.00
# Visual Studio Version 17
VisualStudioVersion = 17.6.33723.286
MinimumVisualStudioVersion = 10.0.40219.1
Project("{FAE04EC0-301F-11D3-BF4B-00C04F79EFBC}") = "Naytto", "Naytto\Naytto.csproj", "{9B04664B-A0D7-4174-9478-3A171FA99D5F}"
EndProject
Global
	GlobalSection(SolutionConfigurationPlatforms) = preSolution
		Debug|Any CPU = Debug|Any CPU
		Release|Any CPU = Release|Any CPU
	EndGlobalSection
	GlobalSection(ProjectConfigurationPlatforms) = postSolution
		{9B04664B-A0D7-4174-9478-3A171FA99D5F}.Debug|Any CPU.ActiveCfg = Debug|Any CPU
		{9B04664B-A0D7-4174-9478-3A171FA99D5F}.Debug|Any CPU.Build.0 = Debug|Any CPU
		{9B04664B-A0D7-4174-9478-3A171FA99D5F}.Release|Any CPU.ActiveCfg = Release|Any CPU
		{9B04664B-A0D7-4174-9478-3A171FA99D5F}.Release|Any CPU.Build.0 = Release|Any CPU
	EndGlobalSection
	GlobalSection(SolutionProperties) = preSolution
		HideSolutionNode = FALSE
	EndGlobalSection
	GlobalSection(ExtensibilityGlobals) = postSolution
		SolutionGuid = {EB8017EC-ED51-467F-A3CB-D19C26817CD2}
	EndGlobalSection
EndGlobal
